<?xml version="1.0" encoding="utf-8"?>
<Project ToolsVersion="4.0" xmlns="http://schemas.microsoft.com/developer/msbuild/2003">
  <ItemGroup>
    <Filter Include="源文件">
      <UniqueIdentifier>{4FC737F1-C7A5-4376-A066-2A32D752A2FF}</UniqueIdentifier>
      <Extensions>cpp;c;cc;cxx;def;odl;idl;hpj;bat;asm;asmx</Extensions>
    </Filter>
    <Filter Include="头文件">
      <UniqueIdentifier>{93995380-89BD-4b04-88EB-625FBE52EBFB}</UniqueIdentifier>
      <Extensions>h;hh;hpp;hxx;hm;inl;inc;xsd</Extensions>
    </Filter>
    <Filter Include="资源文件">
      <UniqueIdentifier>{67DA6AB6-F800-4c08-8B7A-83BB121AAD01}</UniqueIdentifier>
      <Extensions>rc;ico;cur;bmp;dlg;rc2;rct;bin;rgs;gif;jpg;jpeg;jpe;resx;tiff;tif;png;wav;mfcribbon-ms</Extensions>
    </Filter>
  </ItemGroup>
  <ItemGroup>
    <Text Include="ReadMe.txt" />
  </ItemGroup>
  <ItemGroup>
    <ClInclude Include="CAD.h">
      <Filter>头文件</Filter>
    </ClInclude>
    <ClInclude Include="stdafx.h">
      <Filter>头文件</Filter>
    </ClInclude>
    <ClInclude Include="targetver.h">
      <Filter>头文件</Filter>
    </ClInclude>
    <ClInclude Include="MainFrm.h">
      <Filter>头文件</Filter>
    </ClInclude>
    <ClInclude Include="CADDoc.h">
      <Filter>头文件</Filter>
    </ClInclude>
    <ClInclude Include="CADView.h">
      <Filter>头文件</Filter>
    </ClInclude>
    <ClInclude Include="Command.h">
      <Filter>头文件</Filter>
    </ClInclude>
    <ClInclude Include="ViewCmd.h">
      <Filter>头文件</Filter>
    </ClInclude>
    <ClInclude Include="Vi_api.h">
      <Filter>头文件</Filter>
    </ClInclude>
    <ClInclude Include="GP_API.h">
      <Filter>头文件</Filter>
    </ClInclude>
    <ClInclude Include="DocCmd.h">
      <Filter>头文件</Filter>
    </ClInclude>
    <ClInclude Include="Tools.h">
      <Filter>头文件</Filter>
    </ClInclude>
    <ClInclude Include="STL.h">
      <Filter>头文件</Filter>
    </ClInclude>
    <ClInclude Include="Set.h">
      <Filter>头文件</Filter>
    </ClInclude>
    <ClInclude Include="SizeDlg.h">
      <Filter>头文件</Filter>
    </ClInclude>
    <ClInclude Include="DirDlg.h">
      <Filter>头文件</Filter>
    </ClInclude>
    <ClInclude Include="Dlg.h">
      <Filter>头文件</Filter>
    </ClInclude>
    <ClInclude Include="RBall.h">
      <Filter>头文件</Filter>
    </ClInclude>
    <ClInclude Include="LayoutDlg.h">
      <Filter>头文件</Filter>
    </ClInclude>
    <ClInclude Include="SetInt.h">
      <Filter>头文件</Filter>
    </ClInclude>
    <ClInclude Include="ZB.h">
      <Filter>头文件</Filter>
    </ClInclude>
    <ClInclude Include="SS.h">
      <Filter>头文件</Filter>
    </ClInclude>
    <ClInclude Include="SplashDlg.h">
      <Filter>头文件</Filter>
    </ClInclude>
    <ClInclude Include="Parameter.h">
      <Filter>头文件</Filter>
    </ClInclude>
    <ClInclude Include="PF.h">
      <Filter>头文件</Filter>
    </ClInclude>
    <ClInclude Include="ParameterDlg.h">
      <Filter>头文件</Filter>
    </ClInclude>
    <ClInclude Include="PrinterSetupDlg.h">
      <Filter>头文件</Filter>
    </ClInclude>
    <ClInclude Include="SeniorDlg.h">
      <Filter>头文件</Filter>
    </ClInclude>
    <ClInclude Include="SSPDlg.h">
      <Filter>头文件</Filter>
    </ClInclude>
    <ClInclude Include="SSDlg.h">
      <Filter>头文件</Filter>
    </ClInclude>
    <ClInclude Include="PrintDlg.h">
      <Filter>头文件</Filter>
    </ClInclude>
    <ClInclude Include="ZB2.h">
      <Filter>头文件</Filter>
    </ClInclude>
    <ClInclude Include="Splash.h">
      <Filter>头文件</Filter>
    </ClInclude>
    <ClInclude Include="PArray.h">
      <Filter>头文件</Filter>
    </ClInclude>
    <ClInclude Include="VLTDlg.h">
      <Filter>头文件</Filter>
    </ClInclude>
    <ClInclude Include="Record.h">
      <Filter>头文件</Filter>
    </ClInclude>
    <ClInclude Include="MFCVisualManagerOffice20072.h">
      <Filter>头文件</Filter>
    </ClInclude>
    <ClInclude Include="Shell.h">
      <Filter>头文件</Filter>
    </ClInclude>
    <ClInclude Include="FeedbackDlg.h">
      <Filter>头文件</Filter>
    </ClInclude>
    <ClInclude Include="VIPACC.h">
      <Filter>头文件</Filter>
    </ClInclude>
    <ClInclude Include="CHotKey.h">
      <Filter>头文件</Filter>
    </ClInclude>
    <ClInclude Include="CLANCHOOSE.h">
      <Filter>头文件</Filter>
    </ClInclude>
    <ClInclude Include="resource.h">
      <Filter>头文件</Filter>
    </ClInclude>
    <ClInclude Include="LANSAVEBOX.h">
      <Filter>头文件</Filter>
    </ClInclude>
    <ClInclude Include="CB.h">
      <Filter>头文件</Filter>
    </ClInclude>
    <ClInclude Include="vector.h">
      <Filter>头文件</Filter>
    </ClInclude>
    <ClInclude Include="Triangle.h">
      <Filter>头文件</Filter>
    </ClInclude>
    <ClInclude Include="CPropertyDefineDlg.h">
      <Filter>头文件</Filter>
    </ClInclude>
  </ItemGroup>
  <ItemGroup>
    <ClCompile Include="CAD.cpp">
      <Filter>源文件</Filter>
    </ClCompile>
    <ClCompile Include="stdafx.cpp">
      <Filter>源文件</Filter>
    </ClCompile>
    <ClCompile Include="MainFrm.cpp">
      <Filter>源文件</Filter>
    </ClCompile>
    <ClCompile Include="CADDoc.cpp">
      <Filter>源文件</Filter>
    </ClCompile>
    <ClCompile Include="CADView.cpp">
      <Filter>源文件</Filter>
    </ClCompile>
    <ClCompile Include="Command.cpp">
      <Filter>源文件</Filter>
    </ClCompile>
    <ClCompile Include="ViewCmd.cpp">
      <Filter>源文件</Filter>
    </ClCompile>
    <ClCompile Include="DocCmd.cpp">
      <Filter>源文件</Filter>
    </ClCompile>
    <ClCompile Include="Tools.cpp">
      <Filter>源文件</Filter>
    </ClCompile>
    <ClCompile Include="STL.cpp">
      <Filter>源文件</Filter>
    </ClCompile>
    <ClCompile Include="Set.cpp">
      <Filter>源文件</Filter>
    </ClCompile>
    <ClCompile Include="SizeDlg.cpp">
      <Filter>源文件</Filter>
    </ClCompile>
    <ClCompile Include="DirDlg.cpp">
      <Filter>源文件</Filter>
    </ClCompile>
    <ClCompile Include="Dlg.cpp">
      <Filter>源文件</Filter>
    </ClCompile>
    <ClCompile Include="RBall.cpp">
      <Filter>源文件</Filter>
    </ClCompile>
    <ClCompile Include="LayoutDlg.cpp">
      <Filter>源文件</Filter>
    </ClCompile>
    <ClCompile Include="SetInt.cpp">
      <Filter>源文件</Filter>
    </ClCompile>
    <ClCompile Include="ZB.cpp">
      <Filter>源文件</Filter>
    </ClCompile>
    <ClCompile Include="SS.cpp">
      <Filter>源文件</Filter>
    </ClCompile>
    <ClCompile Include="SplashDlg.cpp">
      <Filter>源文件</Filter>
    </ClCompile>
    <ClCompile Include="Parameter.cpp">
      <Filter>源文件</Filter>
    </ClCompile>
    <ClCompile Include="PF.cpp">
      <Filter>源文件</Filter>
    </ClCompile>
    <ClCompile Include="ParameterDlg.cpp">
      <Filter>源文件</Filter>
    </ClCompile>
    <ClCompile Include="PrinterSetupDlg.cpp">
      <Filter>源文件</Filter>
    </ClCompile>
    <ClCompile Include="SeniorDlg.cpp">
      <Filter>源文件</Filter>
    </ClCompile>
    <ClCompile Include="SSPDlg.cpp">
      <Filter>源文件</Filter>
    </ClCompile>
    <ClCompile Include="SSDlg.cpp">
      <Filter>源文件</Filter>
    </ClCompile>
    <ClCompile Include="PrintDlg.cpp">
      <Filter>源文件</Filter>
    </ClCompile>
    <ClCompile Include="ZB2.cpp">
      <Filter>源文件</Filter>
    </ClCompile>
    <ClCompile Include="Splash.cpp">
      <Filter>源文件</Filter>
    </ClCompile>
    <ClCompile Include="PArray.cpp">
      <Filter>源文件</Filter>
    </ClCompile>
    <ClCompile Include="VLTDlg.cpp">
      <Filter>源文件</Filter>
    </ClCompile>
    <ClCompile Include="Record.cpp">
      <Filter>源文件</Filter>
    </ClCompile>
    <ClCompile Include="MFCVisualManagerOffice20072.cpp">
      <Filter>源文件</Filter>
    </ClCompile>
    <ClCompile Include="Shell.cpp">
      <Filter>源文件</Filter>
    </ClCompile>
    <ClCompile Include="FeedbackDlg.cpp">
      <Filter>源文件</Filter>
    </ClCompile>
    <ClCompile Include="VIPACC.cpp">
      <Filter>源文件</Filter>
    </ClCompile>
    <ClCompile Include="CHotKey.cpp">
      <Filter>源文件</Filter>
    </ClCompile>
    <ClCompile Include="CLANCHOOSE.cpp">
      <Filter>源文件</Filter>
    </ClCompile>
    <ClCompile Include="LANSAVEBOX.cpp">
      <Filter>源文件</Filter>
    </ClCompile>
    <ClCompile Include="vector.cpp">
      <Filter>源文件</Filter>
    </ClCompile>
    <ClCompile Include="Triangle.cpp">
      <Filter>源文件</Filter>
    </ClCompile>
    <ClCompile Include="CPropertyDefineDlg.cpp">
      <Filter>源文件</Filter>
    </ClCompile>
    <ClCompile Include="CB.cpp">
      <Filter>源文件</Filter>
    </ClCompile>
  </ItemGroup>
  <ItemGroup>
    <None Include="CAD.reg" />
    <None Include="res\CAD.rc2">
      <Filter>资源文件</Filter>
    </None>
    <None Include="res\ribbon.mfcribbon-ms">
      <Filter>资源文件</Filter>
    </None>
    <None Include="ClassDiagram.cd" />
  </ItemGroup>
  <ItemGroup>
    <Image Include="res\bitmap1.bmp">
      <Filter>资源文件</Filter>
    </Image>
    <Image Include="res\bitmap2.png">
      <Filter>资源文件</Filter>
    </Image>
    <Image Include="res\buttons.bmp">
      <Filter>资源文件</Filter>
    </Image>
    <Image Include="res\CAD.ico">
      <Filter>资源文件</Filter>
    </Image>
    <Image Include="res\CADDoc.ico">
      <Filter>资源文件</Filter>
    </Image>
    <Image Include="res\filelarge.bmp">
      <Filter>资源文件</Filter>
    </Image>
    <Image Include="res\filesmall.bmp">
      <Filter>资源文件</Filter>
    </Image>
    <Image Include="res\main.bmp">
      <Filter>资源文件</Filter>
    </Image>
    <Image Include="res\Splash.bmp">
      <Filter>资源文件</Filter>
    </Image>
    <Image Include="res\Toolbar.bmp">
      <Filter>资源文件</Filter>
    </Image>
    <Image Include="res\Toolbar256.bmp">
      <Filter>资源文件</Filter>
    </Image>
    <Image Include="res\writelarge.bmp">
      <Filter>资源文件</Filter>
    </Image>
    <Image Include="res\writesmall.bmp">
      <Filter>资源文件</Filter>
    </Image>
  </ItemGroup>
  <ItemGroup>
    <ResourceCompile Include="CAD.rc">
      <Filter>资源文件</Filter>
    </ResourceCompile>
  </ItemGroup>
</Project>